// !$*UTF8*$!
{
	archiveVersion = 1;
	classes = {
	};
	objectVersion = 56;
	objects = {

/* Begin PBXBuildFile section */
		49A34B422B865301002A06D7 /* CryptoCurrencyApp.swift in Sources */ = {isa = PBXBuildFile; fileRef = 49A34B412B865301002A06D7 /* CryptoCurrencyApp.swift */; };
		49A34B482B865303002A06D7 /* Assets.xcassets in Resources */ = {isa = PBXBuildFile; fileRef = 49A34B472B865303002A06D7 /* Assets.xcassets */; };
		49A34B4B2B865303002A06D7 /* Preview Assets.xcassets in Resources */ = {isa = PBXBuildFile; fileRef = 49A34B4A2B865303002A06D7 /* Preview Assets.xcassets */; };
		49A34B5A2B86557F002A06D7 /* HomeView.swift in Sources */ = {isa = PBXBuildFile; fileRef = 49A34B592B86557F002A06D7 /* HomeView.swift */; };
		49A34B5D2B865837002A06D7 /* TopMoverView.swift in Sources */ = {isa = PBXBuildFile; fileRef = 49A34B5C2B865837002A06D7 /* TopMoverView.swift */; };
		49A34B5F2B865855002A06D7 /* TopMoverItemView.swift in Sources */ = {isa = PBXBuildFile; fileRef = 49A34B5E2B865855002A06D7 /* TopMoverItemView.swift */; };
		49A34B622B8671C8002A06D7 /* AllCoinView.swift in Sources */ = {isa = PBXBuildFile; fileRef = 49A34B612B8671C8002A06D7 /* AllCoinView.swift */; };
		49A34B642B8671D4002A06D7 /* CoinRowView.swift in Sources */ = {isa = PBXBuildFile; fileRef = 49A34B632B8671D4002A06D7 /* CoinRowView.swift */; };
		49A34B682B86AF10002A06D7 /* HomeViewModel.swift in Sources */ = {isa = PBXBuildFile; fileRef = 49A34B672B86AF10002A06D7 /* HomeViewModel.swift */; };
		49A34B6A2B86EF08002A06D7 /* Coin.swift in Sources */ = {isa = PBXBuildFile; fileRef = 49A34B692B86EF08002A06D7 /* Coin.swift */; };
/* End PBXBuildFile section */

/* Begin PBXFileReference section */
		49A34B3E2B865301002A06D7 /* CryptoCurrency.app */ = {isa = PBXFileReference; explicitFileType = wrapper.application; includeInIndex = 0; path = CryptoCurrency.app; sourceTree = BUILT_PRODUCTS_DIR; };
		49A34B412B865301002A06D7 /* CryptoCurrencyApp.swift */ = {isa = PBXFileReference; lastKnownFileType = sourcecode.swift; path = CryptoCurrencyApp.swift; sourceTree = "<group>"; };
		49A34B472B865303002A06D7 /* Assets.xcassets */ = {isa = PBXFileReference; lastKnownFileType = folder.assetcatalog; path = Assets.xcassets; sourceTree = "<group>"; };
		49A34B4A2B865303002A06D7 /* Preview Assets.xcassets */ = {isa = PBXFileReference; lastKnownFileType = folder.assetcatalog; path = "Preview Assets.xcassets"; sourceTree = "<group>"; };
		49A34B592B86557F002A06D7 /* HomeView.swift */ = {isa = PBXFileReference; lastKnownFileType = sourcecode.swift; path = HomeView.swift; sourceTree = "<group>"; };
		49A34B5C2B865837002A06D7 /* TopMoverView.swift */ = {isa = PBXFileReference; lastKnownFileType = sourcecode.swift; path = TopMoverView.swift; sourceTree = "<group>"; };
		49A34B5E2B865855002A06D7 /* TopMoverItemView.swift */ = {isa = PBXFileReference; lastKnownFileType = sourcecode.swift; path = TopMoverItemView.swift; sourceTree = "<group>"; };
		49A34B612B8671C8002A06D7 /* AllCoinView.swift */ = {isa = PBXFileReference; lastKnownFileType = sourcecode.swift; name = AllCoinView.swift; path = ../../../../../../../Documents/Playgrounds/CryptoCurrency/Core/Home/Views/AllCoinView.swift; sourceTree = "<group>"; };
		49A34B632B8671D4002A06D7 /* CoinRowView.swift */ = {isa = PBXFileReference; lastKnownFileType = sourcecode.swift; path = CoinRowView.swift; sourceTree = "<group>"; };
		49A34B672B86AF10002A06D7 /* HomeViewModel.swift */ = {isa = PBXFileReference; lastKnownFileType = sourcecode.swift; path = HomeViewModel.swift; sourceTree = "<group>"; };
		49A34B692B86EF08002A06D7 /* Coin.swift */ = {isa = PBXFileReference; lastKnownFileType = sourcecode.swift; path = Coin.swift; sourceTree = "<group>"; };
/* End PBXFileReference section */

/* Begin PBXFrameworksBuildPhase section */
		49A34B3B2B865301002A06D7 /* Frameworks */ = {
			isa = PBXFrameworksBuildPhase;
			buildActionMask = 2147483647;
			files = (
			);
			runOnlyForDeploymentPostprocessing = 0;
		};
/* End PBXFrameworksBuildPhase section */

/* Begin PBXGroup section */
		49A34B352B865301002A06D7 = {
			isa = PBXGroup;
			children = (
				49A34B402B865301002A06D7 /* CryptoCurrency */,
				49A34B3F2B865301002A06D7 /* Products */,
			);
			sourceTree = "<group>";
		};
		49A34B3F2B865301002A06D7 /* Products */ = {
			isa = PBXGroup;
			children = (
				49A34B3E2B865301002A06D7 /* CryptoCurrency.app */,
			);
			name = Products;
			sourceTree = "<group>";
		};
		49A34B402B865301002A06D7 /* CryptoCurrency */ = {
			isa = PBXGroup;
			children = (
				49A34B542B86544D002A06D7 /* Core */,
				49A34B552B865452002A06D7 /* App */,
				49A34B532B86543C002A06D7 /* Models */,
				49A34B522B865414002A06D7 /* Utils */,
				49A34B512B8653F5002A06D7 /* Extension */,
				49A34B472B865303002A06D7 /* Assets.xcassets */,
				49A34B492B865303002A06D7 /* Preview Content */,
			);
			path = CryptoCurrency;
			sourceTree = "<group>";
		};
		49A34B492B865303002A06D7 /* Preview Content */ = {
			isa = PBXGroup;
			children = (
				49A34B4A2B865303002A06D7 /* Preview Assets.xcassets */,
			);
			path = "Preview Content";
			sourceTree = "<group>";
		};
		49A34B512B8653F5002A06D7 /* Extension */ = {
			isa = PBXGroup;
			children = (
			);
			path = Extension;
			sourceTree = "<group>";
		};
		49A34B522B865414002A06D7 /* Utils */ = {
			isa = PBXGroup;
			children = (
			);
			path = Utils;
			sourceTree = "<group>";
		};
		49A34B532B86543C002A06D7 /* Models */ = {
			isa = PBXGroup;
			children = (
				49A34B692B86EF08002A06D7 /* Coin.swift */,
			);
			path = Models;
			sourceTree = "<group>";
		};
		49A34B542B86544D002A06D7 /* Core */ = {
			isa = PBXGroup;
			children = (
				49A34B562B865512002A06D7 /* Home */,
			);
			path = Core;
			sourceTree = "<group>";
		};
		49A34B552B865452002A06D7 /* App */ = {
			isa = PBXGroup;
			children = (
				49A34B412B865301002A06D7 /* CryptoCurrencyApp.swift */,
			);
			path = App;
			sourceTree = "<group>";
		};
		49A34B562B865512002A06D7 /* Home */ = {
			isa = PBXGroup;
			children = (
				49A34B582B865558002A06D7 /* ViewModels */,
				49A34B572B865553002A06D7 /* Views */,
			);
			path = Home;
			sourceTree = "<group>";
		};
		49A34B572B865553002A06D7 /* Views */ = {
			isa = PBXGroup;
			children = (
				49A34B592B86557F002A06D7 /* HomeView.swift */,
				49A34B5C2B865837002A06D7 /* TopMoverView.swift */,
				49A34B5E2B865855002A06D7 /* TopMoverItemView.swift */,
				49A34B612B8671C8002A06D7 /* AllCoinView.swift */,
				49A34B632B8671D4002A06D7 /* CoinRowView.swift */,
			);
			path = Views;
			sourceTree = "<group>";
		};
		49A34B582B865558002A06D7 /* ViewModels */ = {
			isa = PBXGroup;
			children = (
				49A34B672B86AF10002A06D7 /* HomeViewModel.swift */,
			);
			path = ViewModels;
			sourceTree = "<group>";
		};
/* End PBXGroup section */

/* Begin PBXNativeTarget section */
		49A34B3D2B865301002A06D7 /* CryptoCurrency */ = {
			isa = PBXNativeTarget;
			buildConfigurationList = 49A34B4E2B865303002A06D7 /* Build configuration list for PBXNativeTarget "CryptoCurrency" */;
			buildPhases = (
				49A34B3A2B865301002A06D7 /* Sources */,
				49A34B3B2B865301002A06D7 /* Frameworks */,
				49A34B3C2B865301002A06D7 /* Resources */,
			);
			buildRules = (
			);
			dependencies = (
			);
			name = CryptoCurrency;
			productName = CryptoCurrency;
			productReference = 49A34B3E2B865301002A06D7 /* CryptoCurrency.app */;
			productType = "com.apple.product-type.application";
		};
/* End PBXNativeTarget section */

/* Begin PBXProject section */
		49A34B362B865301002A06D7 /* Project object */ = {
			isa = PBXProject;
			attributes = {
				BuildIndependentTargetsInParallel = 1;
				LastSwiftUpdateCheck = 1520;
				LastUpgradeCheck = 1520;
				TargetAttributes = {
					49A34B3D2B865301002A06D7 = {
						CreatedOnToolsVersion = 15.2;
					};
				};
			};
			buildConfigurationList = 49A34B392B865301002A06D7 /* Build configuration list for PBXProject "CryptoCurrency" */;
			compatibilityVersion = "Xcode 14.0";
			developmentRegion = en;
			hasScannedForEncodings = 0;
			knownRegions = (
				en,
				Base,
			);
			mainGroup = 49A34B352B865301002A06D7;
			productRefGroup = 49A34B3F2B865301002A06D7 /* Products */;
			projectDirPath = "";
			projectRoot = "";
			targets = (
				49A34B3D2B865301002A06D7 /* CryptoCurrency */,
			);
		};
/* End PBXProject section */

/* Begin PBXResourcesBuildPhase section */
		49A34B3C2B865301002A06D7 /* Resources */ = {
			isa = PBXResourcesBuildPhase;
			buildActionMask = 2147483647;
			files = (
				49A34B4B2B865303002A06D7 /* Preview Assets.xcassets in Resources */,
				49A34B482B865303002A06D7 /* Assets.xcassets in Resources */,
			);
			runOnlyForDeploymentPostprocessing = 0;
		};
/* End PBXResourcesBuildPhase section */

/* Begin PBXSourcesBuildPhase section */
		49A34B3A2B865301002A06D7 /* Sources */ = {
			isa = PBXSourcesBuildPhase;
			buildActionMask = 2147483647;
			files = (
				49A34B642B8671D4002A06D7 /* CoinRowView.swift in Sources */,
				49A34B5A2B86557F002A06D7 /* HomeView.swift in Sources */,
				49A34B682B86AF10002A06D7 /* HomeViewModel.swift in Sources */,
				49A34B5D2B865837002A06D7 /* TopMoverView.swift in Sources */,
				49A34B422B865301002A06D7 /* CryptoCurrencyApp.swift in Sources */,
				49A34B622B8671C8002A06D7 /* AllCoinView.swift in Sources */,
				49A34B6A2B86EF08002A06D7 /* Coin.swift in Sources */,
				49A34B5F2B865855002A06D7 /* TopMoverItemView.swift in Sources */,
			);
			runOnlyForDeploymentPostprocessing = 0;
		};
/* End PBXSourcesBuildPhase section */

/* Begin XCBuildConfiguration section */
		49A34B4C2B865303002A06D7 /* Debug */ = {
			isa = XCBuildConfiguration;
			buildSettings = {
				ALWAYS_SEARCH_USER_PATHS = NO;
				ASSETCATALOG_COMPILER_GENERATE_SWIFT_ASSET_SYMBOL_EXTENSIONS = YES;
				CLANG_ANALYZER_NONNULL = YES;
				CLANG_ANALYZER_NUMBER_OBJECT_CONVERSION = YES_AGGRESSIVE;
				CLANG_CXX_LANGUAGE_STANDARD = "gnu++20";
				CLANG_ENABLE_MODULES = YES;
				CLANG_ENABLE_OBJC_ARC = YES;
				CLANG_ENABLE_OBJC_WEAK = YES;
				CLANG_WARN_BLOCK_CAPTURE_AUTORELEASING = YES;
				CLANG_WARN_BOOL_CONVERSION = YES;
				CLANG_WARN_COMMA = YES;
				CLANG_WARN_CONSTANT_CONVERSION = YES;
				CLANG_WARN_DEPRECATED_OBJC_IMPLEMENTATIONS = YES;
				CLANG_WARN_DIRECT_OBJC_ISA_USAGE = YES_ERROR;
				CLANG_WARN_DOCUMENTATION_COMMENTS = YES;
				CLANG_WARN_EMPTY_BODY = YES;
				CLANG_WARN_ENUM_CONVERSION = YES;
				CLANG_WARN_INFINITE_RECURSION = YES;
				CLANG_WARN_INT_CONVERSION = YES;
				CLANG_WARN_NON_LITERAL_NULL_CONVERSION = YES;
				CLANG_WARN_OBJC_IMPLICIT_RETAIN_SELF = YES;
				CLANG_WARN_OBJC_LITERAL_CONVERSION = YES;
				CLANG_WARN_OBJC_ROOT_CLASS = YES_ERROR;
				CLANG_WARN_QUOTED_INCLUDE_IN_FRAMEWORK_HEADER = YES;
				CLANG_WARN_RANGE_LOOP_ANALYSIS = YES;
				CLANG_WARN_STRICT_PROTOTYPES = YES;
				CLANG_WARN_SUSPICIOUS_MOVE = YES;
				CLANG_WARN_UNGUARDED_AVAILABILITY = YES_AGGRESSIVE;
				CLANG_WARN_UNREACHABLE_CODE = YES;
				CLANG_WARN__DUPLICATE_METHOD_MATCH = YES;
				COPY_PHASE_STRIP = NO;
				DEBUG_INFORMATION_FORMAT = dwarf;
				ENABLE_STRICT_OBJC_MSGSEND = YES;
				ENABLE_TESTABILITY = YES;
				ENABLE_USER_SCRIPT_SANDBOXING = YES;
				GCC_C_LANGUAGE_STANDARD = gnu17;
				GCC_DYNAMIC_NO_PIC = NO;
				GCC_NO_COMMON_BLOCKS = YES;
				GCC_OPTIMIZATION_LEVEL = 0;
				GCC_PREPROCESSOR_DEFINITIONS = (
					"DEBUG=1",
					"$(inherited)",
				);
				GCC_WARN_64_TO_32_BIT_CONVERSION = YES;
				GCC_WARN_ABOUT_RETURN_TYPE = YES_ERROR;
				GCC_WARN_UNDECLARED_SELECTOR = YES;
				GCC_WARN_UNINITIALIZED_AUTOS = YES_AGGRESSIVE;
				GCC_WARN_UNUSED_FUNCTION = YES;
				GCC_WARN_UNUSED_VARIABLE = YES;
				IPHONEOS_DEPLOYMENT_TARGET = 17.2;
				LOCALIZATION_PREFERS_STRING_CATALOGS = YES;
				MTL_ENABLE_DEBUG_INFO = INCLUDE_SOURCE;
				MTL_FAST_MATH = YES;
				ONLY_ACTIVE_ARCH = YES;
				SDKROOT = iphoneos;
				SWIFT_ACTIVE_COMPILATION_CONDITIONS = "DEBUG $(inherited)";
				SWIFT_OPTIMIZATION_LEVEL = "-Onone";
			};
			name = Debug;
		};
		49A34B4D2B865303002A06D7 /* Release */ = {
			isa = XCBuildConfiguration;
			buildSettings = {
				ALWAYS_SEARCH_USER_PATHS = NO;
				ASSETCATALOG_COMPILER_GENERATE_SWIFT_ASSET_SYMBOL_EXTENSIONS = YES;
				CLANG_ANALYZER_NONNULL = YES;
				CLANG_ANALYZER_NUMBER_OBJECT_CONVERSION = YES_AGGRESSIVE;
				CLANG_CXX_LANGUAGE_STANDARD = "gnu++20";
				CLANG_ENABLE_MODULES = YES;
				CLANG_ENABLE_OBJC_ARC = YES;
				CLANG_ENABLE_OBJC_WEAK = YES;
				CLANG_WARN_BLOCK_CAPTURE_AUTORELEASING = YES;
				CLANG_WARN_BOOL_CONVERSION = YES;
				CLANG_WARN_COMMA = YES;
				CLANG_WARN_CONSTANT_CONVERSION = YES;
				CLANG_WARN_DEPRECATED_OBJC_IMPLEMENTATIONS = YES;
				CLANG_WARN_DIRECT_OBJC_ISA_USAGE = YES_ERROR;
				CLANG_WARN_DOCUMENTATION_COMMENTS = YES;
				CLANG_WARN_EMPTY_BODY = YES;
				CLANG_WARN_ENUM_CONVERSION = YES;
				CLANG_WARN_INFINITE_RECURSION = YES;
				CLANG_WARN_INT_CONVERSION = YES;
				CLANG_WARN_NON_LITERAL_NULL_CONVERSION = YES;
				CLANG_WARN_OBJC_IMPLICIT_RETAIN_SELF = YES;
				CLANG_WARN_OBJC_LITERAL_CONVERSION = YES;
				CLANG_WARN_OBJC_ROOT_CLASS = YES_ERROR;
				CLANG_WARN_QUOTED_INCLUDE_IN_FRAMEWORK_HEADER = YES;
				CLANG_WARN_RANGE_LOOP_ANALYSIS = YES;
				CLANG_WARN_STRICT_PROTOTYPES = YES;
				CLANG_WARN_SUSPICIOUS_MOVE = YES;
				CLANG_WARN_UNGUARDED_AVAILABILITY = YES_AGGRESSIVE;
				CLANG_WARN_UNREACHABLE_CODE = YES;
				CLANG_WARN__DUPLICATE_METHOD_MATCH = YES;
				COPY_PHASE_STRIP = NO;
				DEBUG_INFORMATION_FORMAT = "dwarf-with-dsym";
				ENABLE_NS_ASSERTIONS = NO;
				ENABLE_STRICT_OBJC_MSGSEND = YES;
				ENABLE_USER_SCRIPT_SANDBOXING = YES;
				GCC_C_LANGUAGE_STANDARD = gnu17;
				GCC_NO_COMMON_BLOCKS = YES;
				GCC_WARN_64_TO_32_BIT_CONVERSION = YES;
				GCC_WARN_ABOUT_RETURN_TYPE = YES_ERROR;
				GCC_WARN_UNDECLARED_SELECTOR = YES;
				GCC_WARN_UNINITIALIZED_AUTOS = YES_AGGRESSIVE;
				GCC_WARN_UNUSED_FUNCTION = YES;
				GCC_WARN_UNUSED_VARIABLE = YES;
				IPHONEOS_DEPLOYMENT_TARGET = 17.2;
				LOCALIZATION_PREFERS_STRING_CATALOGS = YES;
				MTL_ENABLE_DEBUG_INFO = NO;
				MTL_FAST_MATH = YES;
				SDKROOT = iphoneos;
				SWIFT_COMPILATION_MODE = wholemodule;
				VALIDATE_PRODUCT = YES;
			};
			name = Release;
		};
		49A34B4F2B865303002A06D7 /* Debug */ = {
			isa = XCBuildConfiguration;
			buildSettings = {
				ASSETCATALOG_COMPILER_APPICON_NAME = AppIcon;
				ASSETCATALOG_COMPILER_GLOBAL_ACCENT_COLOR_NAME = AccentColor;
				CODE_SIGN_STYLE = Automatic;
				CURRENT_PROJECT_VERSION = 1;
				DEVELOPMENT_ASSET_PATHS = "\"CryptoCurrency/Preview Content\"";
				DEVELOPMENT_TEAM = 8925HY5X36;
				ENABLE_PREVIEWS = YES;
				GENERATE_INFOPLIST_FILE = YES;
				INFOPLIST_KEY_UIApplicationSceneManifest_Generation = YES;
				INFOPLIST_KEY_UIApplicationSupportsIndirectInputEvents = YES;
				INFOPLIST_KEY_UILaunchScreen_Generation = YES;
				INFOPLIST_KEY_UISupportedInterfaceOrientations_iPad = "UIInterfaceOrientationPortrait UIInterfaceOrientationPortraitUpsideDown UIInterfaceOrientationLandscapeLeft UIInterfaceOrientationLandscapeRight";
				INFOPLIST_KEY_UISupportedInterfaceOrientations_iPhone = "UIInterfaceOrientationPortrait UIInterfaceOrientationLandscapeLeft UIInterfaceOrientationLandscapeRight";
				IPHONEOS_DEPLOYMENT_TARGET = 16.2;
				LD_RUNPATH_SEARCH_PATHS = (
					"$(inherited)",
					"@executable_path/Frameworks",
				);
				MARKETING_VERSION = 1.0;
				PRODUCT_BUNDLE_IDENTIFIER = Abel.Dev.instructor.CryptoCurrency;
				PRODUCT_NAME = "$(TARGET_NAME)";
				SWIFT_EMIT_LOC_STRINGS = YES;
				SWIFT_VERSION = 5.0;
				TARGETED_DEVICE_FAMILY = "1,2";
			};
			name = Debug;
		};
		49A34B502B865303002A06D7 /* Release */ = {
			isa = XCBuildConfiguration;
			buildSettings = {
				ASSETCATALOG_COMPILER_APPICON_NAME = AppIcon;
				ASSETCATALOG_COMPILER_GLOBAL_ACCENT_COLOR_NAME = AccentColor;
				CODE_SIGN_STYLE = Automatic;
				CURRENT_PROJECT_VERSION = 1;
				DEVELOPMENT_ASSET_PATHS = "\"CryptoCurrency/Preview Content\"";
				DEVELOPMENT_TEAM = 8925HY5X36;
				ENABLE_PREVIEWS = YES;
				GENERATE_INFOPLIST_FILE = YES;
				INFOPLIST_KEY_UIApplicationSceneManifest_Generation = YES;
				INFOPLIST_KEY_UIApplicationSupportsIndirectInputEvents = YES;
				INFOPLIST_KEY_UILaunchScreen_Generation = YES;
				INFOPLIST_KEY_UISupportedInterfaceOrientations_iPad = "UIInterfaceOrientationPortrait UIInterfaceOrientationPortraitUpsideDown UIInterfaceOrientationLandscapeLeft UIInterfaceOrientationLandscapeRight";
				INFOPLIST_KEY_UISupportedInterfaceOrientations_iPhone = "UIInterfaceOrientationPortrait UIInterfaceOrientationLandscapeLeft UIInterfaceOrientationLandscapeRight";
				IPHONEOS_DEPLOYMENT_TARGET = 16.2;
				LD_RUNPATH_SEARCH_PATHS = (
					"$(inherited)",
					"@executable_path/Frameworks",
				);
				MARKETING_VERSION = 1.0;
				PRODUCT_BUNDLE_IDENTIFIER = Abel.Dev.instructor.CryptoCurrency;
				PRODUCT_NAME = "$(TARGET_NAME)";
				SWIFT_EMIT_LOC_STRINGS = YES;
				SWIFT_VERSION = 5.0;
				TARGETED_DEVICE_FAMILY = "1,2";
			};
			name = Release;
		};
/* End XCBuildConfiguration section */

/* Begin XCConfigurationList section */
		49A34B392B865301002A06D7 /* Build configuration list for PBXProject "CryptoCurrency" */ = {
			isa = XCConfigurationList;
			buildConfigurations = (
				49A34B4C2B865303002A06D7 /* Debug */,
				49A34B4D2B865303002A06D7 /* Release */,
			);
			defaultConfigurationIsVisible = 0;
			defaultConfigurationName = Release;
		};
		49A34B4E2B865303002A06D7 /* Build configuration list for PBXNativeTarget "CryptoCurrency" */ = {
			isa = XCConfigurationList;
			buildConfigurations = (
				49A34B4F2B865303002A06D7 /* Debug */,
				49A34B502B865303002A06D7 /* Release */,
			);
			defaultConfigurationIsVisible = 0;
			defaultConfigurationName = Release;
		};
/* End XCConfigurationList section */
	};
	rootObject = 49A34B362B865301002A06D7 /* Project object */;
}
